
Microsoft Visual Studio Solution File, Format Version 12.00
# Visual Studio Version 16
VisualStudioVersion = 16.0.30907.101
MinimumVisualStudioVersion = 10.0.40219.1
Project("{9A19103F-16F7-4668-BE54-9A1E7A4F7556}") = "Entities", "Entities\Entities.csproj", "{CD3A74FA-16CA-4C56-B862-46755708CBD7}"
EndProject
Project("{9A19103F-16F7-4668-BE54-9A1E7A4F7556}") = "DataAccess", "DataAccess\DataAccess.csproj", "{C7E13863-A256-44DC-B023-B0F2CF728781}"
EndProject
Project("{9A19103F-16F7-4668-BE54-9A1E7A4F7556}") = "Business", "Business\Business.csproj", "{98AD7DAB-6AF2-41A5-8A28-B43FBB9DD8A4}"
EndProject
Project("{9A19103F-16F7-4668-BE54-9A1E7A4F7556}") = "ConsoleUI", "ConsoleUI\ConsoleUI.csproj", "{AFAAD23F-C042-4E02-925C-E17CDF968B75}"
EndProject
Project("{9A19103F-16F7-4668-BE54-9A1E7A4F7556}") = "Core", "Core\Core.csproj", "{B442807F-1982-4129-8931-E098857A1F92}"
EndProject
Project("{FAE04EC0-301F-11D3-BF4B-00C04F79EFBC}") = "WebAPI", "WebAPI\WebAPI.csproj", "{C9F4DD03-8512-4FD6-8E52-C65EBB242C37}"
EndProject
Global
	GlobalSection(SolutionConfigurationPlatforms) = preSolution
		Debug|Any CPU = Debug|Any CPU
		Release|Any CPU = Release|Any CPU
	EndGlobalSection
	GlobalSection(ProjectConfigurationPlatforms) = postSolution
		{CD3A74FA-16CA-4C56-B862-46755708CBD7}.Debug|Any CPU.ActiveCfg = Debug|Any CPU
		{CD3A74FA-16CA-4C56-B862-46755708CBD7}.Debug|Any CPU.Build.0 = Debug|Any CPU
		{CD3A74FA-16CA-4C56-B862-46755708CBD7}.Release|Any CPU.ActiveCfg = Release|Any CPU
		{CD3A74FA-16CA-4C56-B862-46755708CBD7}.Release|Any CPU.Build.0 = Release|Any CPU
		{C7E13863-A256-44DC-B023-B0F2CF728781}.Debug|Any CPU.ActiveCfg = Debug|Any CPU
		{C7E13863-A256-44DC-B023-B0F2CF728781}.Debug|Any CPU.Build.0 = Debug|Any CPU
		{C7E13863-A256-44DC-B023-B0F2CF728781}.Release|Any CPU.ActiveCfg = Release|Any CPU
		{C7E13863-A256-44DC-B023-B0F2CF728781}.Release|Any CPU.Build.0 = Release|Any CPU
		{98AD7DAB-6AF2-41A5-8A28-B43FBB9DD8A4}.Debug|Any CPU.ActiveCfg = Debug|Any CPU
		{98AD7DAB-6AF2-41A5-8A28-B43FBB9DD8A4}.Debug|Any CPU.Build.0 = Debug|Any CPU
		{98AD7DAB-6AF2-41A5-8A28-B43FBB9DD8A4}.Release|Any CPU.ActiveCfg = Release|Any CPU
		{98AD7DAB-6AF2-41A5-8A28-B43FBB9DD8A4}.Release|Any CPU.Build.0 = Release|Any CPU
		{AFAAD23F-C042-4E02-925C-E17CDF968B75}.Debug|Any CPU.ActiveCfg = Debug|Any CPU
		{AFAAD23F-C042-4E02-925C-E17CDF968B75}.Debug|Any CPU.Build.0 = Debug|Any CPU
		{AFAAD23F-C042-4E02-925C-E17CDF968B75}.Release|Any CPU.ActiveCfg = Release|Any CPU
		{AFAAD23F-C042-4E02-925C-E17CDF968B75}.Release|Any CPU.Build.0 = Release|Any CPU
		{B442807F-1982-4129-8931-E098857A1F92}.Debug|Any CPU.ActiveCfg = Debug|Any CPU
		{B442807F-1982-4129-8931-E098857A1F92}.Debug|Any CPU.Build.0 = Debug|Any CPU
		{B442807F-1982-4129-8931-E098857A1F92}.Release|Any CPU.ActiveCfg = Release|Any CPU
		{B442807F-1982-4129-8931-E098857A1F92}.Release|Any CPU.Build.0 = Release|Any CPU
		{C9F4DD03-8512-4FD6-8E52-C65EBB242C37}.Debug|Any CPU.ActiveCfg = Debug|Any CPU
		{C9F4DD03-8512-4FD6-8E52-C65EBB242C37}.Debug|Any CPU.Build.0 = Debug|Any CPU
		{C9F4DD03-8512-4FD6-8E52-C65EBB242C37}.Release|Any CPU.ActiveCfg = Release|Any CPU
		{C9F4DD03-8512-4FD6-8E52-C65EBB242C37}.Release|Any CPU.Build.0 = Release|Any CPU
	EndGlobalSection
	GlobalSection(SolutionProperties) = preSolution
		HideSolutionNode = FALSE
	EndGlobalSection
	GlobalSection(ExtensibilityGlobals) = postSolution
		SolutionGuid = {9809E696-2672-4F09-839B-AF51EF0915F7}
	EndGlobalSection
EndGlobal
